
Microsoft Visual Studio Solution File, Format Version 12.00
# Visual Studio Version 17
VisualStudioVersion = 17.6.33815.320
MinimumVisualStudioVersion = 10.0.40219.1
Project("{FAE04EC0-301F-11D3-BF4B-00C04F79EFBC}") = "Assignment17", "Assignment17\Assignment17.csproj", "{20FA05DD-3D65-4397-9D12-43FC9570C8DF}"
EndProject
Global
	GlobalSection(SolutionConfigurationPlatforms) = preSolution
		Debug|Any CPU = Debug|Any CPU
		Release|Any CPU = Release|Any CPU
	EndGlobalSection
	GlobalSection(ProjectConfigurationPlatforms) = postSolution
		{20FA05DD-3D65-4397-9D12-43FC9570C8DF}.Debug|Any CPU.ActiveCfg = Debug|Any CPU
		{20FA05DD-3D65-4397-9D12-43FC9570C8DF}.Debug|Any CPU.Build.0 = Debug|Any CPU
		{20FA05DD-3D65-4397-9D12-43FC9570C8DF}.Release|Any CPU.ActiveCfg = Release|Any CPU
		{20FA05DD-3D65-4397-9D12-43FC9570C8DF}.Release|Any CPU.Build.0 = Release|Any CPU
	EndGlobalSection
	GlobalSection(SolutionProperties) = preSolution
		HideSolutionNode = FALSE
	EndGlobalSection
	GlobalSection(ExtensibilityGlobals) = postSolution
		SolutionGuid = {B4624545-DE85-4B77-9373-A4969606A4FA}
	EndGlobalSection
EndGlobal
